PODS:
  - MTIQKeyboardManager (0.1.0)

DEPENDENCIES:
  - MTIQKeyboardManager (from `../`)

EXTERNAL SOURCES:
  MTIQKeyboardManager:
    :path: "../"

SPEC CHECKSUMS:
  MTIQKeyboardManager: 7c0061b17a9d4a419c4841b557aa81f505394c42

PODFILE CHECKSUM: 48b70192e590319a255f6bf66f8113e766645b5a

COCOAPODS: 1.6.1
