PODS:
  - MTIQKeyboardManager (0.1.3)

DEPENDENCIES:
  - MTIQKeyboardManager (from `../`)

EXTERNAL SOURCES:
  MTIQKeyboardManager:
    :path: "../"

SPEC CHECKSUMS:
  MTIQKeyboardManager: 68c23ef49f90f4d144d4c904d3e48bcf8a478260

PODFILE CHECKSUM: 5e76a534550e78dbb7d36c0acc62ee9bd13a62b1

COCOAPODS: 1.5.3
