PODS:
  - MTIQKeyboardManager (0.1.9)

DEPENDENCIES:
  - MTIQKeyboardManager (from `../`)

EXTERNAL SOURCES:
  MTIQKeyboardManager:
    :path: "../"

SPEC CHECKSUMS:
  MTIQKeyboardManager: 8826eb9c30871547f413ff7449a4895299e75e54

PODFILE CHECKSUM: 5e76a534550e78dbb7d36c0acc62ee9bd13a62b1

COCOAPODS: 1.7.2
